
Microsoft Visual Studio Solution File, Format Version 12.00
# Visual Studio Version 17
VisualStudioVersion = 17.0.32014.148
MinimumVisualStudioVersion = 10.0.40219.1
Project("{FAE04EC0-301F-11D3-BF4B-00C04F79EFBC}") = "OceanArena2", "OceanArena2\OceanArena2.csproj", "{634B319D-BA7E-4BDD-BEDC-C9278C2A52F2}"
EndProject
Project("{FAE04EC0-301F-11D3-BF4B-00C04F79EFBC}") = "OceanLibrary1", "..\OceanLibrary1\OceanLibrary1\OceanLibrary1.csproj", "{885DEAC5-6BD9-4277-ADC7-52B767D1F61C}"
EndProject
Global
	GlobalSection(SolutionConfigurationPlatforms) = preSolution
		Debug|Any CPU = Debug|Any CPU
		Release|Any CPU = Release|Any CPU
	EndGlobalSection
	GlobalSection(ProjectConfigurationPlatforms) = postSolution
		{634B319D-BA7E-4BDD-BEDC-C9278C2A52F2}.Debug|Any CPU.ActiveCfg = Debug|Any CPU
		{634B319D-BA7E-4BDD-BEDC-C9278C2A52F2}.Debug|Any CPU.Build.0 = Debug|Any CPU
		{634B319D-BA7E-4BDD-BEDC-C9278C2A52F2}.Release|Any CPU.ActiveCfg = Release|Any CPU
		{634B319D-BA7E-4BDD-BEDC-C9278C2A52F2}.Release|Any CPU.Build.0 = Release|Any CPU
		{885DEAC5-6BD9-4277-ADC7-52B767D1F61C}.Debug|Any CPU.ActiveCfg = Debug|Any CPU
		{885DEAC5-6BD9-4277-ADC7-52B767D1F61C}.Debug|Any CPU.Build.0 = Debug|Any CPU
		{885DEAC5-6BD9-4277-ADC7-52B767D1F61C}.Release|Any CPU.ActiveCfg = Release|Any CPU
		{885DEAC5-6BD9-4277-ADC7-52B767D1F61C}.Release|Any CPU.Build.0 = Release|Any CPU
	EndGlobalSection
	GlobalSection(SolutionProperties) = preSolution
		HideSolutionNode = FALSE
	EndGlobalSection
	GlobalSection(ExtensibilityGlobals) = postSolution
		SolutionGuid = {0FE91579-32CA-4759-804A-53C2A72DD861}
	EndGlobalSection
EndGlobal
